
Microsoft Visual Studio Solution File, Format Version 12.00
# Visual Studio Version 16
VisualStudioVersion = 16.0.29306.81
MinimumVisualStudioVersion = 10.0.40219.1
Project("{FAE04EC0-301F-11D3-BF4B-00C04F79EFBC}") = "MyWebShop", "MyWebShop.csproj", "{DF1EA1AA-BCC3-4A1B-9B44-9A0351CC6C3D}"
EndProject
Global
	GlobalSection(SolutionConfigurationPlatforms) = preSolution
		Debug|Any CPU = Debug|Any CPU
		Release|Any CPU = Release|Any CPU
	EndGlobalSection
	GlobalSection(ProjectConfigurationPlatforms) = postSolution
		{DF1EA1AA-BCC3-4A1B-9B44-9A0351CC6C3D}.Debug|Any CPU.ActiveCfg = Debug|Any CPU
		{DF1EA1AA-BCC3-4A1B-9B44-9A0351CC6C3D}.Debug|Any CPU.Build.0 = Debug|Any CPU
		{DF1EA1AA-BCC3-4A1B-9B44-9A0351CC6C3D}.Release|Any CPU.ActiveCfg = Release|Any CPU
		{DF1EA1AA-BCC3-4A1B-9B44-9A0351CC6C3D}.Release|Any CPU.Build.0 = Release|Any CPU
	EndGlobalSection
	GlobalSection(SolutionProperties) = preSolution
		HideSolutionNode = FALSE
	EndGlobalSection
	GlobalSection(ExtensibilityGlobals) = postSolution
		SolutionGuid = {7728820E-B41D-49C3-83C2-341F1A2F8234}
	EndGlobalSection
EndGlobal
